# This file is automatically @generated by Poetry 2.1.1 and should not be changed by hand.

[[package]]
name = "inflect"
version = "7.5.0"
description = "Correctly generate plurals, singular nouns, ordinals, indefinite articles"
optional = false
python-versions = ">=3.9"
groups = ["main"]
files = [
    {file = "inflect-7.5.0-py3-none-any.whl", hash = "sha256:2aea70e5e70c35d8350b8097396ec155ffd68def678c7ff97f51aa69c1d92344"},
    {file = "inflect-7.5.0.tar.gz", hash = "sha256:faf19801c3742ed5a05a8ce388e0d8fe1a07f8d095c82201eb904f5d27ad571f"},
]

[package.dependencies]
more_itertools = ">=8.5.0"
typeguard = ">=4.0.1"

[package.extras]
check = ["pytest-checkdocs (>=2.4)", "pytest-ruff (>=0.2.1) ; sys_platform != \"cygwin\""]
cover = ["pytest-cov"]
doc = ["furo", "jaraco.packaging (>=9.3)", "jaraco.tidelift (>=1.4)", "rst.linker (>=1.9)", "sphinx (>=3.5)", "sphinx-lint"]
enabler = ["pytest-enabler (>=2.2)"]
test = ["pygments", "pytest (>=6,!=8.1.*)"]
type = ["pytest-mypy"]

[[package]]
name = "more-itertools"
version = "10.6.0"
description = "More routines for operating on iterables, beyond itertools"
optional = false
python-versions = ">=3.9"
groups = ["main"]
files = [
    {file = "more-itertools-10.6.0.tar.gz", hash = "sha256:2cd7fad1009c31cc9fb6a035108509e6547547a7a738374f10bd49a09eb3ee3b"},
    {file = "more_itertools-10.6.0-py3-none-any.whl", hash = "sha256:6eb054cb4b6db1473f6e15fcc676a08e4732548acd47c708f0e179c2c7c01e89"},
]

[[package]]
name = "narwhals"
version = "1.35.0"
description = "Extremely lightweight compatibility layer between dataframe libraries"
optional = false
python-versions = ">=3.8"
groups = ["main"]
files = [
    {file = "narwhals-1.35.0-py3-none-any.whl", hash = "sha256:7562af132fa3f8aaaf34dc96d7ec95bdca29d1c795e8fcf14e01edf1d32122bc"},
    {file = "narwhals-1.35.0.tar.gz", hash = "sha256:07477d18487fbc940243b69818a177ed7119b737910a8a254fb67688b48a7c96"},
]

[package.extras]
cudf = ["cudf (>=24.10.0)"]
dask = ["dask[dataframe] (>=2024.8)"]
duckdb = ["duckdb (>=1.0)"]
ibis = ["ibis-framework (>=6.0.0)", "packaging", "pyarrow-hotfix", "rich"]
modin = ["modin"]
pandas = ["pandas (>=0.25.3)"]
polars = ["polars (>=0.20.3)"]
pyarrow = ["pyarrow (>=11.0.0)"]
pyspark = ["pyspark (>=3.5.0)"]
sqlframe = ["sqlframe (>=3.22.0)"]

[[package]]
name = "packaging"
version = "24.2"
description = "Core utilities for Python packages"
optional = false
python-versions = ">=3.8"
groups = ["main"]
files = [
    {file = "packaging-24.2-py3-none-any.whl", hash = "sha256:09abb1bccd265c01f4a3aa3f7a7db064b36514d2cba19a2f694fe6150451a759"},
    {file = "packaging-24.2.tar.gz", hash = "sha256:c228a6dc5e932d346bc5739379109d49e8853dd8223571c7c5b55260edc0b97f"},
]

[[package]]
name = "plotly"
version = "6.0.1"
description = "An open-source interactive data visualization library for Python"
optional = false
python-versions = ">=3.8"
groups = ["main"]
files = [
    {file = "plotly-6.0.1-py3-none-any.whl", hash = "sha256:4714db20fea57a435692c548a4eb4fae454f7daddf15f8d8ba7e1045681d7768"},
    {file = "plotly-6.0.1.tar.gz", hash = "sha256:dd8400229872b6e3c964b099be699f8d00c489a974f2cfccfad5e8240873366b"},
]

[package.dependencies]
narwhals = ">=1.15.1"
packaging = "*"

[package.extras]
express = ["numpy"]

[[package]]
name = "typeguard"
version = "4.4.2"
description = "Run-time type checker for Python"
optional = false
python-versions = ">=3.9"
groups = ["main"]
files = [
    {file = "typeguard-4.4.2-py3-none-any.whl", hash = "sha256:77a78f11f09777aeae7fa08585f33b5f4ef0e7335af40005b0c422ed398ff48c"},
    {file = "typeguard-4.4.2.tar.gz", hash = "sha256:a6f1065813e32ef365bc3b3f503af8a96f9dd4e0033a02c28c4a4983de8c6c49"},
]

[package.dependencies]
typing_extensions = ">=4.10.0"

[package.extras]
doc = ["Sphinx (>=7)", "packaging", "sphinx-autodoc-typehints (>=1.2.0)", "sphinx-rtd-theme (>=1.3.0)"]
test = ["coverage[toml] (>=7)", "mypy (>=1.2.0) ; platform_python_implementation != \"PyPy\"", "pytest (>=7)"]

[[package]]
name = "typing-extensions"
version = "4.13.2"
description = "Backported and Experimental Type Hints for Python 3.8+"
optional = false
python-versions = ">=3.8"
groups = ["main"]
files = [
    {file = "typing_extensions-4.13.2-py3-none-any.whl", hash = "sha256:a439e7c04b49fec3e5d3e2beaa21755cadbbdc391694e28ccdd36ca4a1408f8c"},
    {file = "typing_extensions-4.13.2.tar.gz", hash = "sha256:e6c81219bd689f51865d9e372991c540bda33a0379d5573cddb9a3a23f7caaef"},
]

[metadata]
lock-version = "2.1"
python-versions = "^3.10"
content-hash = "928e4d7c612ee5c4d2a25f36d0c83a23f86e4b9caec23ce67e116a2ce4146dc5"
